
Microsoft Visual Studio Solution File, Format Version 12.00
# Visual Studio 15
VisualStudioVersion = 15.0.28307.645
MinimumVisualStudioVersion = 10.0.40219.1
Project("{FAE04EC0-301F-11D3-BF4B-00C04F79EFBC}") = "ExpenseIt", "ExpenseIt\ExpenseIt.csproj", "{A1411595-F67C-4019-8575-5B4AC97AF068}"
EndProject
Project("{2150E333-8FDC-42A3-9474-1A3956D46DE8}") = "Solution Items", "Solution Items", "{7351B647-7FEE-4A15-8B7F-D4BDE68B5AE4}"
	ProjectSection(SolutionItems) = preProject
		ExpenseIt\watermark.png = ExpenseIt\watermark.png
	EndProjectSection
EndProject
Global
	GlobalSection(SolutionConfigurationPlatforms) = preSolution
		Debug|Any CPU = Debug|Any CPU
		Release|Any CPU = Release|Any CPU
	EndGlobalSection
	GlobalSection(ProjectConfigurationPlatforms) = postSolution
		{A1411595-F67C-4019-8575-5B4AC97AF068}.Debug|Any CPU.ActiveCfg = Debug|Any CPU
		{A1411595-F67C-4019-8575-5B4AC97AF068}.Debug|Any CPU.Build.0 = Debug|Any CPU
		{A1411595-F67C-4019-8575-5B4AC97AF068}.Release|Any CPU.ActiveCfg = Release|Any CPU
		{A1411595-F67C-4019-8575-5B4AC97AF068}.Release|Any CPU.Build.0 = Release|Any CPU
	EndGlobalSection
	GlobalSection(SolutionProperties) = preSolution
		HideSolutionNode = FALSE
	EndGlobalSection
	GlobalSection(ExtensibilityGlobals) = postSolution
		SolutionGuid = {97A7ABE2-0EEC-4107-BECB-F189FDBE864E}
	EndGlobalSection
EndGlobal
